// !$*UTF8*$!
{
	archiveVersion = 1;
	classes = {
	};
	objectVersion = 56;
	objects = {

/* Begin PBXBuildFile section */
		5665DE6829C8476800A05E25 /* CoursesView.swift in Sources */ = {isa = PBXBuildFile; fileRef = 5665DE6729C8476800A05E25 /* CoursesView.swift */; };
		56874AE129C6FCBA006EABA3 /* PopUpView.swift in Sources */ = {isa = PBXBuildFile; fileRef = 56874AE029C6FCBA006EABA3 /* PopUpView.swift */; };
		56BA985029C98CF90071445D /* BookingDetialViewController.swift in Sources */ = {isa = PBXBuildFile; fileRef = 56BA984F29C98CF90071445D /* BookingDetialViewController.swift */; };
		56BA985229C9B5D70071445D /* CourseDetails.swift in Sources */ = {isa = PBXBuildFile; fileRef = 56BA985129C9B5D70071445D /* CourseDetails.swift */; };
		56C97CD329C7037A009C8228 /* Viewcontroller1.swift in Sources */ = {isa = PBXBuildFile; fileRef = 56C97CD229C7037A009C8228 /* Viewcontroller1.swift */; };
		5CDA575329C8436C00F7A22A /* ViewController3ViewController.swift in Sources */ = {isa = PBXBuildFile; fileRef = 5CDA575229C8436C00F7A22A /* ViewController3ViewController.swift */; };
		5CDA575529C84B8000F7A22A /* tableViewCellBooked.swift in Sources */ = {isa = PBXBuildFile; fileRef = 5CDA575429C84B8000F7A22A /* tableViewCellBooked.swift */; };
		5CDA575729C859A200F7A22A /* viewController2.swift in Sources */ = {isa = PBXBuildFile; fileRef = 5CDA575629C859A200F7A22A /* viewController2.swift */; };
		5CDA57E729CA358000F7A22A /* Booked.swift in Sources */ = {isa = PBXBuildFile; fileRef = 5CDA57E629CA358000F7A22A /* Booked.swift */; };
		5CDA57E929CA35A700F7A22A /* CoursesModel.swift in Sources */ = {isa = PBXBuildFile; fileRef = 5CDA57E829CA35A700F7A22A /* CoursesModel.swift */; };
		E032BB9429BEFB740080910B /* AppDelegate.swift in Sources */ = {isa = PBXBuildFile; fileRef = E032BB9329BEFB740080910B /* AppDelegate.swift */; };
		E032BB9629BEFB740080910B /* SceneDelegate.swift in Sources */ = {isa = PBXBuildFile; fileRef = E032BB9529BEFB740080910B /* SceneDelegate.swift */; };
		E032BB9B29BEFB740080910B /* Main.storyboard in Resources */ = {isa = PBXBuildFile; fileRef = E032BB9929BEFB740080910B /* Main.storyboard */; };
		E032BB9D29BEFB750080910B /* Assets.xcassets in Resources */ = {isa = PBXBuildFile; fileRef = E032BB9C29BEFB750080910B /* Assets.xcassets */; };
		E032BBA029BEFB750080910B /* LaunchScreen.storyboard in Resources */ = {isa = PBXBuildFile; fileRef = E032BB9E29BEFB750080910B /* LaunchScreen.storyboard */; };
		E0BBC30E29C0563400BB8ABB /* Course.swift in Sources */ = {isa = PBXBuildFile; fileRef = E0BBC30D29C0563400BB8ABB /* Course.swift */; };
		E0BBC31429C05A2200BB8ABB /* ViewController.swift in Sources */ = {isa = PBXBuildFile; fileRef = E0BBC31329C05A2200BB8ABB /* ViewController.swift */; };
		E0BBC31629C05B3F00BB8ABB /* productCell.swift in Sources */ = {isa = PBXBuildFile; fileRef = E0BBC31529C05B3F00BB8ABB /* productCell.swift */; };
		E0BBC31C29C2F9E800BB8ABB /* DesignView.swift in Sources */ = {isa = PBXBuildFile; fileRef = E0BBC31B29C2F9E800BB8ABB /* DesignView.swift */; };
/* End PBXBuildFile section */

/* Begin PBXFileReference section */
		5665DE6729C8476800A05E25 /* CoursesView.swift */ = {isa = PBXFileReference; lastKnownFileType = sourcecode.swift; path = CoursesView.swift; sourceTree = "<group>"; };
		56874AE029C6FCBA006EABA3 /* PopUpView.swift */ = {isa = PBXFileReference; lastKnownFileType = sourcecode.swift; path = PopUpView.swift; sourceTree = "<group>"; };
		56BA984F29C98CF90071445D /* BookingDetialViewController.swift */ = {isa = PBXFileReference; lastKnownFileType = sourcecode.swift; path = BookingDetialViewController.swift; sourceTree = "<group>"; };
		56BA985129C9B5D70071445D /* CourseDetails.swift */ = {isa = PBXFileReference; lastKnownFileType = sourcecode.swift; path = CourseDetails.swift; sourceTree = "<group>"; };
		56C97CD229C7037A009C8228 /* Viewcontroller1.swift */ = {isa = PBXFileReference; lastKnownFileType = sourcecode.swift; path = Viewcontroller1.swift; sourceTree = "<group>"; };
		5CDA575229C8436C00F7A22A /* ViewController3ViewController.swift */ = {isa = PBXFileReference; lastKnownFileType = sourcecode.swift; path = ViewController3ViewController.swift; sourceTree = "<group>"; };
		5CDA575429C84B8000F7A22A /* tableViewCellBooked.swift */ = {isa = PBXFileReference; lastKnownFileType = sourcecode.swift; path = tableViewCellBooked.swift; sourceTree = "<group>"; };
		5CDA575629C859A200F7A22A /* viewController2.swift */ = {isa = PBXFileReference; lastKnownFileType = sourcecode.swift; path = viewController2.swift; sourceTree = "<group>"; };
		5CDA57E629CA358000F7A22A /* Booked.swift */ = {isa = PBXFileReference; lastKnownFileType = sourcecode.swift; path = Booked.swift; sourceTree = "<group>"; };
		5CDA57E829CA35A700F7A22A /* CoursesModel.swift */ = {isa = PBXFileReference; lastKnownFileType = sourcecode.swift; path = CoursesModel.swift; sourceTree = "<group>"; };
		E032BB9029BEFB740080910B /* bakeapp.app */ = {isa = PBXFileReference; explicitFileType = wrapper.application; includeInIndex = 0; path = bakeapp.app; sourceTree = BUILT_PRODUCTS_DIR; };
		E032BB9329BEFB740080910B /* AppDelegate.swift */ = {isa = PBXFileReference; lastKnownFileType = sourcecode.swift; path = AppDelegate.swift; sourceTree = "<group>"; };
		E032BB9529BEFB740080910B /* SceneDelegate.swift */ = {isa = PBXFileReference; lastKnownFileType = sourcecode.swift; path = SceneDelegate.swift; sourceTree = "<group>"; };
		E032BB9A29BEFB740080910B /* Base */ = {isa = PBXFileReference; lastKnownFileType = file.storyboard; name = Base; path = Base.lproj/Main.storyboard; sourceTree = "<group>"; };
		E032BB9C29BEFB750080910B /* Assets.xcassets */ = {isa = PBXFileReference; lastKnownFileType = folder.assetcatalog; path = Assets.xcassets; sourceTree = "<group>"; };
		E032BB9F29BEFB750080910B /* Base */ = {isa = PBXFileReference; lastKnownFileType = file.storyboard; name = Base; path = Base.lproj/LaunchScreen.storyboard; sourceTree = "<group>"; };
		E032BBA129BEFB750080910B /* Info.plist */ = {isa = PBXFileReference; lastKnownFileType = text.plist.xml; path = Info.plist; sourceTree = "<group>"; };
		E0BBC30D29C0563400BB8ABB /* Course.swift */ = {isa = PBXFileReference; lastKnownFileType = sourcecode.swift; path = Course.swift; sourceTree = "<group>"; };
		E0BBC31329C05A2200BB8ABB /* ViewController.swift */ = {isa = PBXFileReference; lastKnownFileType = sourcecode.swift; path = ViewController.swift; sourceTree = "<group>"; };
		E0BBC31529C05B3F00BB8ABB /* productCell.swift */ = {isa = PBXFileReference; lastKnownFileType = sourcecode.swift; path = productCell.swift; sourceTree = "<group>"; };
		E0BBC31B29C2F9E800BB8ABB /* DesignView.swift */ = {isa = PBXFileReference; lastKnownFileType = sourcecode.swift; path = DesignView.swift; sourceTree = "<group>"; };
/* End PBXFileReference section */

/* Begin PBXFrameworksBuildPhase section */
		E032BB8D29BEFB740080910B /* Frameworks */ = {
			isa = PBXFrameworksBuildPhase;
			buildActionMask = 2147483647;
			files = (
			);
			runOnlyForDeploymentPostprocessing = 0;
		};
/* End PBXFrameworksBuildPhase section */

/* Begin PBXGroup section */
		E032BB8729BEFB740080910B = {
			isa = PBXGroup;
			children = (
				E032BB9229BEFB740080910B /* bakeapp */,
				E032BB9129BEFB740080910B /* Products */,
			);
			sourceTree = "<group>";
		};
		E032BB9129BEFB740080910B /* Products */ = {
			isa = PBXGroup;
			children = (
				E032BB9029BEFB740080910B /* bakeapp.app */,
			);
			name = Products;
			sourceTree = "<group>";
		};
		E032BB9229BEFB740080910B /* bakeapp */ = {
			isa = PBXGroup;
			children = (
				E0BBC31829C2EF0F00BB8ABB /* Model */,
				E0BBC31729C2EEF800BB8ABB /* AppleFramework */,
				E0BBC31929C2EF2100BB8ABB /* Controller */,
				E0BBC31A29C2EF4A00BB8ABB /* View */,
				E032BB9C29BEFB750080910B /* Assets.xcassets */,
				E032BBA129BEFB750080910B /* Info.plist */,
			);
			path = bakeapp;
			sourceTree = "<group>";
		};
		E0BBC31729C2EEF800BB8ABB /* AppleFramework */ = {
			isa = PBXGroup;
			children = (
				E032BB9329BEFB740080910B /* AppDelegate.swift */,
				E032BB9529BEFB740080910B /* SceneDelegate.swift */,
			);
			path = AppleFramework;
			sourceTree = "<group>";
		};
		E0BBC31829C2EF0F00BB8ABB /* Model */ = {
			isa = PBXGroup;
			children = (
				E0BBC30D29C0563400BB8ABB /* Course.swift */,
				E0BBC30D29C0563400BB8ABB /* Product.swift */,
				56BA985129C9B5D70071445D /* CourseDetails.swift */,
				5CDA57E629CA358000F7A22A /* Booked.swift */,
				5CDA57E829CA35A700F7A22A /* CoursesModel.swift */,
			);
			path = Model;
			sourceTree = "<group>";
		};
		E0BBC31929C2EF2100BB8ABB /* Controller */ = {
			isa = PBXGroup;
			children = (
				E0BBC31329C05A2200BB8ABB /* ViewController.swift */,
				56874AE029C6FCBA006EABA3 /* PopUpView.swift */,
				5665DE6729C8476800A05E25 /* CoursesView.swift */,
				5CDA575229C8436C00F7A22A /* ViewController3ViewController.swift */,
				E0BBC31529C05B3F00BB8ABB /* productCell.swift */,
				56C97CD229C7037A009C8228 /* Viewcontroller1.swift */,
				E0BBC31B29C2F9E800BB8ABB /* DesignView.swift */,
				56BA984F29C98CF90071445D /* BookingDetialViewController.swift */,
				5CDA575429C84B8000F7A22A /* tableViewCellBooked.swift */,
				5CDA575629C859A200F7A22A /* viewController2.swift */,
			);
			path = Controller;
			sourceTree = "<group>";
		};
		E0BBC31A29C2EF4A00BB8ABB /* View */ = {
			isa = PBXGroup;
			children = (
				E032BB9929BEFB740080910B /* Main.storyboard */,
				E032BB9E29BEFB750080910B /* LaunchScreen.storyboard */,
			);
			path = View;
			sourceTree = "<group>";
		};
/* End PBXGroup section */

/* Begin PBXNativeTarget section */
		E032BB8F29BEFB740080910B /* bakeapp */ = {
			isa = PBXNativeTarget;
			buildConfigurationList = E032BBA429BEFB750080910B /* Build configuration list for PBXNativeTarget "bakeapp" */;
			buildPhases = (
				E032BB8C29BEFB740080910B /* Sources */,
				E032BB8D29BEFB740080910B /* Frameworks */,
				E032BB8E29BEFB740080910B /* Resources */,
			);
			buildRules = (
			);
			dependencies = (
			);
			name = bakeapp;
			productName = bakeapp;
			productReference = E032BB9029BEFB740080910B /* bakeapp.app */;
			productType = "com.apple.product-type.application";
		};
/* End PBXNativeTarget section */

/* Begin PBXProject section */
		E032BB8829BEFB740080910B /* Project object */ = {
			isa = PBXProject;
			attributes = {
				BuildIndependentTargetsInParallel = 1;
				LastSwiftUpdateCheck = 1420;
				LastUpgradeCheck = 1420;
				TargetAttributes = {
					E032BB8F29BEFB740080910B = {
						CreatedOnToolsVersion = 14.2;
					};
				};
			};
			buildConfigurationList = E032BB8B29BEFB740080910B /* Build configuration list for PBXProject "bakeapp" */;
			compatibilityVersion = "Xcode 14.0";
			developmentRegion = en;
			hasScannedForEncodings = 0;
			knownRegions = (
				en,
				Base,
			);
			mainGroup = E032BB8729BEFB740080910B;
			productRefGroup = E032BB9129BEFB740080910B /* Products */;
			projectDirPath = "";
			projectRoot = "";
			targets = (
				E032BB8F29BEFB740080910B /* bakeapp */,
			);
		};
/* End PBXProject section */

/* Begin PBXResourcesBuildPhase section */
		E032BB8E29BEFB740080910B /* Resources */ = {
			isa = PBXResourcesBuildPhase;
			buildActionMask = 2147483647;
			files = (
				E032BBA029BEFB750080910B /* LaunchScreen.storyboard in Resources */,
				E032BB9D29BEFB750080910B /* Assets.xcassets in Resources */,
				E032BB9B29BEFB740080910B /* Main.storyboard in Resources */,
			);
			runOnlyForDeploymentPostprocessing = 0;
		};
/* End PBXResourcesBuildPhase section */

/* Begin PBXSourcesBuildPhase section */
		E032BB8C29BEFB740080910B /* Sources */ = {
			isa = PBXSourcesBuildPhase;
			buildActionMask = 2147483647;
			files = (
				56C97CD329C7037A009C8228 /* Viewcontroller1.swift in Sources */,
				E0BBC30E29C0563400BB8ABB /* Course.swift in Sources */,
				56BA985229C9B5D70071445D /* CourseDetails.swift in Sources */,
				E0BBC30E29C0563400BB8ABB /* Product.swift in Sources */,
				5CDA575529C84B8000F7A22A /* tableViewCellBooked.swift in Sources */,
				5CDA57E729CA358000F7A22A /* Booked.swift in Sources */,
				E032BB9429BEFB740080910B /* AppDelegate.swift in Sources */,
				5CDA575729C859A200F7A22A /* viewController2.swift in Sources */,
				E0BBC31C29C2F9E800BB8ABB /* DesignView.swift in Sources */,
				E0BBC31629C05B3F00BB8ABB /* productCell.swift in Sources */,
				56BA985029C98CF90071445D /* BookingDetialViewController.swift in Sources */,
				56874AE129C6FCBA006EABA3 /* PopUpView.swift in Sources */,
				E0BBC31429C05A2200BB8ABB /* ViewController.swift in Sources */,
				E032BB9629BEFB740080910B /* SceneDelegate.swift in Sources */,
				5665DE6829C8476800A05E25 /* CoursesView.swift in Sources */,
				5CDA57E929CA35A700F7A22A /* CoursesModel.swift in Sources */,
				5CDA575329C8436C00F7A22A /* ViewController3ViewController.swift in Sources */,
			);
			runOnlyForDeploymentPostprocessing = 0;
		};
/* End PBXSourcesBuildPhase section */

/* Begin PBXVariantGroup section */
		E032BB9929BEFB740080910B /* Main.storyboard */ = {
			isa = PBXVariantGroup;
			children = (
				E032BB9A29BEFB740080910B /* Base */,
			);
			name = Main.storyboard;
			sourceTree = "<group>";
		};
		E032BB9E29BEFB750080910B /* LaunchScreen.storyboard */ = {
			isa = PBXVariantGroup;
			children = (
				E032BB9F29BEFB750080910B /* Base */,
			);
			name = LaunchScreen.storyboard;
			sourceTree = "<group>";
		};
/* End PBXVariantGroup section */

/* Begin XCBuildConfiguration section */
		E032BBA229BEFB750080910B /* Debug */ = {
			isa = XCBuildConfiguration;
			buildSettings = {
				ALWAYS_SEARCH_USER_PATHS = NO;
				CLANG_ANALYZER_NONNULL = YES;
				CLANG_ANALYZER_NUMBER_OBJECT_CONVERSION = YES_AGGRESSIVE;
				CLANG_CXX_LANGUAGE_STANDARD = "gnu++20";
				CLANG_ENABLE_MODULES = YES;
				CLANG_ENABLE_OBJC_ARC = YES;
				CLANG_ENABLE_OBJC_WEAK = YES;
				CLANG_WARN_BLOCK_CAPTURE_AUTORELEASING = YES;
				CLANG_WARN_BOOL_CONVERSION = YES;
				CLANG_WARN_COMMA = YES;
				CLANG_WARN_CONSTANT_CONVERSION = YES;
				CLANG_WARN_DEPRECATED_OBJC_IMPLEMENTATIONS = YES;
				CLANG_WARN_DIRECT_OBJC_ISA_USAGE = YES_ERROR;
				CLANG_WARN_DOCUMENTATION_COMMENTS = YES;
				CLANG_WARN_EMPTY_BODY = YES;
				CLANG_WARN_ENUM_CONVERSION = YES;
				CLANG_WARN_INFINITE_RECURSION = YES;
				CLANG_WARN_INT_CONVERSION = YES;
				CLANG_WARN_NON_LITERAL_NULL_CONVERSION = YES;
				CLANG_WARN_OBJC_IMPLICIT_RETAIN_SELF = YES;
				CLANG_WARN_OBJC_LITERAL_CONVERSION = YES;
				CLANG_WARN_OBJC_ROOT_CLASS = YES_ERROR;
				CLANG_WARN_QUOTED_INCLUDE_IN_FRAMEWORK_HEADER = YES;
				CLANG_WARN_RANGE_LOOP_ANALYSIS = YES;
				CLANG_WARN_STRICT_PROTOTYPES = YES;
				CLANG_WARN_SUSPICIOUS_MOVE = YES;
				CLANG_WARN_UNGUARDED_AVAILABILITY = YES_AGGRESSIVE;
				CLANG_WARN_UNREACHABLE_CODE = YES;
				CLANG_WARN__DUPLICATE_METHOD_MATCH = YES;
				COPY_PHASE_STRIP = NO;
				DEBUG_INFORMATION_FORMAT = dwarf;
				ENABLE_STRICT_OBJC_MSGSEND = YES;
				ENABLE_TESTABILITY = YES;
				GCC_C_LANGUAGE_STANDARD = gnu11;
				GCC_DYNAMIC_NO_PIC = NO;
				GCC_NO_COMMON_BLOCKS = YES;
				GCC_OPTIMIZATION_LEVEL = 0;
				GCC_PREPROCESSOR_DEFINITIONS = (
					"DEBUG=1",
					"$(inherited)",
				);
				GCC_WARN_64_TO_32_BIT_CONVERSION = YES;
				GCC_WARN_ABOUT_RETURN_TYPE = YES_ERROR;
				GCC_WARN_UNDECLARED_SELECTOR = YES;
				GCC_WARN_UNINITIALIZED_AUTOS = YES_AGGRESSIVE;
				GCC_WARN_UNUSED_FUNCTION = YES;
				GCC_WARN_UNUSED_VARIABLE = YES;
				IPHONEOS_DEPLOYMENT_TARGET = 16.2;
				MTL_ENABLE_DEBUG_INFO = INCLUDE_SOURCE;
				MTL_FAST_MATH = YES;
				ONLY_ACTIVE_ARCH = YES;
				SDKROOT = iphoneos;
				SWIFT_ACTIVE_COMPILATION_CONDITIONS = DEBUG;
				SWIFT_OPTIMIZATION_LEVEL = "-Onone";
			};
			name = Debug;
		};
		E032BBA329BEFB750080910B /* Release */ = {
			isa = XCBuildConfiguration;
			buildSettings = {
				ALWAYS_SEARCH_USER_PATHS = NO;
				CLANG_ANALYZER_NONNULL = YES;
				CLANG_ANALYZER_NUMBER_OBJECT_CONVERSION = YES_AGGRESSIVE;
				CLANG_CXX_LANGUAGE_STANDARD = "gnu++20";
				CLANG_ENABLE_MODULES = YES;
				CLANG_ENABLE_OBJC_ARC = YES;
				CLANG_ENABLE_OBJC_WEAK = YES;
				CLANG_WARN_BLOCK_CAPTURE_AUTORELEASING = YES;
				CLANG_WARN_BOOL_CONVERSION = YES;
				CLANG_WARN_COMMA = YES;
				CLANG_WARN_CONSTANT_CONVERSION = YES;
				CLANG_WARN_DEPRECATED_OBJC_IMPLEMENTATIONS = YES;
				CLANG_WARN_DIRECT_OBJC_ISA_USAGE = YES_ERROR;
				CLANG_WARN_DOCUMENTATION_COMMENTS = YES;
				CLANG_WARN_EMPTY_BODY = YES;
				CLANG_WARN_ENUM_CONVERSION = YES;
				CLANG_WARN_INFINITE_RECURSION = YES;
				CLANG_WARN_INT_CONVERSION = YES;
				CLANG_WARN_NON_LITERAL_NULL_CONVERSION = YES;
				CLANG_WARN_OBJC_IMPLICIT_RETAIN_SELF = YES;
				CLANG_WARN_OBJC_LITERAL_CONVERSION = YES;
				CLANG_WARN_OBJC_ROOT_CLASS = YES_ERROR;
				CLANG_WARN_QUOTED_INCLUDE_IN_FRAMEWORK_HEADER = YES;
				CLANG_WARN_RANGE_LOOP_ANALYSIS = YES;
				CLANG_WARN_STRICT_PROTOTYPES = YES;
				CLANG_WARN_SUSPICIOUS_MOVE = YES;
				CLANG_WARN_UNGUARDED_AVAILABILITY = YES_AGGRESSIVE;
				CLANG_WARN_UNREACHABLE_CODE = YES;
				CLANG_WARN__DUPLICATE_METHOD_MATCH = YES;
				COPY_PHASE_STRIP = NO;
				DEBUG_INFORMATION_FORMAT = "dwarf-with-dsym";
				ENABLE_NS_ASSERTIONS = NO;
				ENABLE_STRICT_OBJC_MSGSEND = YES;
				GCC_C_LANGUAGE_STANDARD = gnu11;
				GCC_NO_COMMON_BLOCKS = YES;
				GCC_WARN_64_TO_32_BIT_CONVERSION = YES;
				GCC_WARN_ABOUT_RETURN_TYPE = YES_ERROR;
				GCC_WARN_UNDECLARED_SELECTOR = YES;
				GCC_WARN_UNINITIALIZED_AUTOS = YES_AGGRESSIVE;
				GCC_WARN_UNUSED_FUNCTION = YES;
				GCC_WARN_UNUSED_VARIABLE = YES;
				IPHONEOS_DEPLOYMENT_TARGET = 16.2;
				MTL_ENABLE_DEBUG_INFO = NO;
				MTL_FAST_MATH = YES;
				SDKROOT = iphoneos;
				SWIFT_COMPILATION_MODE = wholemodule;
				SWIFT_OPTIMIZATION_LEVEL = "-O";
				VALIDATE_PRODUCT = YES;
			};
			name = Release;
		};
		E032BBA529BEFB750080910B /* Debug */ = {
			isa = XCBuildConfiguration;
			buildSettings = {
				ASSETCATALOG_COMPILER_APPICON_NAME = AppIcon;
				ASSETCATALOG_COMPILER_GLOBAL_ACCENT_COLOR_NAME = AccentColor;
				CODE_SIGN_STYLE = Automatic;
				CURRENT_PROJECT_VERSION = 1;
				DEVELOPMENT_TEAM = DLY9DRQ866;
				GENERATE_INFOPLIST_FILE = YES;
				INFOPLIST_FILE = bakeapp/Info.plist;
				INFOPLIST_KEY_UIApplicationSupportsIndirectInputEvents = YES;
				INFOPLIST_KEY_UILaunchStoryboardName = LaunchScreen;
				INFOPLIST_KEY_UIMainStoryboardFile = Main;
				INFOPLIST_KEY_UISupportedInterfaceOrientations_iPad = "UIInterfaceOrientationPortrait UIInterfaceOrientationPortraitUpsideDown UIInterfaceOrientationLandscapeLeft UIInterfaceOrientationLandscapeRight";
				INFOPLIST_KEY_UISupportedInterfaceOrientations_iPhone = "UIInterfaceOrientationPortrait UIInterfaceOrientationLandscapeLeft UIInterfaceOrientationLandscapeRight";
				LD_RUNPATH_SEARCH_PATHS = (
					"$(inherited)",
					"@executable_path/Frameworks",
				);
				MARKETING_VERSION = 1.0;
				PRODUCT_BUNDLE_IDENTIFIER = com.lamiaAldossari.bakeapp;
				PRODUCT_NAME = "$(TARGET_NAME)";
				SWIFT_EMIT_LOC_STRINGS = YES;
				SWIFT_VERSION = 5.0;
				TARGETED_DEVICE_FAMILY = "1,2";
			};
			name = Debug;
		};
		E032BBA629BEFB750080910B /* Release */ = {
			isa = XCBuildConfiguration;
			buildSettings = {
				ASSETCATALOG_COMPILER_APPICON_NAME = AppIcon;
				ASSETCATALOG_COMPILER_GLOBAL_ACCENT_COLOR_NAME = AccentColor;
				CODE_SIGN_STYLE = Automatic;
				CURRENT_PROJECT_VERSION = 1;
				DEVELOPMENT_TEAM = DLY9DRQ866;
				GENERATE_INFOPLIST_FILE = YES;
				INFOPLIST_FILE = bakeapp/Info.plist;
				INFOPLIST_KEY_UIApplicationSupportsIndirectInputEvents = YES;
				INFOPLIST_KEY_UILaunchStoryboardName = LaunchScreen;
				INFOPLIST_KEY_UIMainStoryboardFile = Main;
				INFOPLIST_KEY_UISupportedInterfaceOrientations_iPad = "UIInterfaceOrientationPortrait UIInterfaceOrientationPortraitUpsideDown UIInterfaceOrientationLandscapeLeft UIInterfaceOrientationLandscapeRight";
				INFOPLIST_KEY_UISupportedInterfaceOrientations_iPhone = "UIInterfaceOrientationPortrait UIInterfaceOrientationLandscapeLeft UIInterfaceOrientationLandscapeRight";
				LD_RUNPATH_SEARCH_PATHS = (
					"$(inherited)",
					"@executable_path/Frameworks",
				);
				MARKETING_VERSION = 1.0;
				PRODUCT_BUNDLE_IDENTIFIER = com.lamiaAldossari.bakeapp;
				PRODUCT_NAME = "$(TARGET_NAME)";
				SWIFT_EMIT_LOC_STRINGS = YES;
				SWIFT_VERSION = 5.0;
				TARGETED_DEVICE_FAMILY = "1,2";
			};
			name = Release;
		};
/* End XCBuildConfiguration section */

/* Begin XCConfigurationList section */
		E032BB8B29BEFB740080910B /* Build configuration list for PBXProject "bakeapp" */ = {
			isa = XCConfigurationList;
			buildConfigurations = (
				E032BBA229BEFB750080910B /* Debug */,
				E032BBA329BEFB750080910B /* Release */,
			);
			defaultConfigurationIsVisible = 0;
			defaultConfigurationName = Release;
		};
		E032BBA429BEFB750080910B /* Build configuration list for PBXNativeTarget "bakeapp" */ = {
			isa = XCConfigurationList;
			buildConfigurations = (
				E032BBA529BEFB750080910B /* Debug */,
				E032BBA629BEFB750080910B /* Release */,
			);
			defaultConfigurationIsVisible = 0;
			defaultConfigurationName = Release;
		};
/* End XCConfigurationList section */
	};
	rootObject = E032BB8829BEFB740080910B /* Project object */;
}
